
Microsoft Visual Studio Solution File, Format Version 12.00
# Visual Studio Version 17
VisualStudioVersion = 17.13.35825.156 d17.13
MinimumVisualStudioVersion = 10.0.40219.1
Project("{FAE04EC0-301F-11D3-BF4B-00C04F79EFBC}") = "Pokemon_MVC_API", "Pokemon_MVC_API\Pokemon_MVC_API.csproj", "{44D829A8-E190-46E4-8BAF-A13226468818}"
EndProject
Global
	GlobalSection(SolutionConfigurationPlatforms) = preSolution
		Debug|Any CPU = Debug|Any CPU
		Release|Any CPU = Release|Any CPU
	EndGlobalSection
	GlobalSection(ProjectConfigurationPlatforms) = postSolution
		{44D829A8-E190-46E4-8BAF-A13226468818}.Debug|Any CPU.ActiveCfg = Debug|Any CPU
		{44D829A8-E190-46E4-8BAF-A13226468818}.Debug|Any CPU.Build.0 = Debug|Any CPU
		{44D829A8-E190-46E4-8BAF-A13226468818}.Release|Any CPU.ActiveCfg = Release|Any CPU
		{44D829A8-E190-46E4-8BAF-A13226468818}.Release|Any CPU.Build.0 = Release|Any CPU
	EndGlobalSection
	GlobalSection(SolutionProperties) = preSolution
		HideSolutionNode = FALSE
	EndGlobalSection
	GlobalSection(ExtensibilityGlobals) = postSolution
		SolutionGuid = {61B0C941-5932-4440-B6F9-57FA098BB576}
	EndGlobalSection
EndGlobal
